PODS:
  - Nimble (7.1.2)
  - OCMock (3.4.1)
  - Quick (1.3.0)

DEPENDENCIES:
  - Nimble (from `https://github.com/Quick/Nimble.git`)
  - OCMock (from `https://github.com/erikdoe/ocmock.git`)
  - Quick (from `https://github.com/Quick/Quick.git`)

EXTERNAL SOURCES:
  Nimble:
    :git: https://github.com/Quick/Nimble.git
  OCMock:
    :git: https://github.com/erikdoe/ocmock.git
  Quick:
    :git: https://github.com/Quick/Quick.git

CHECKOUT OPTIONS:
  Nimble:
    :commit: 24e9b37f298c77a488d6ab63ea36e890fe0902f7
    :git: https://github.com/Quick/Nimble.git
  OCMock:
    :commit: b9867f830a7a011bf2cd6d5a14840bb68216a11e
    :git: https://github.com/erikdoe/ocmock.git
  Quick:
    :commit: 84ad2ad643382513ca34f0f2427e76cbe2be2f83
    :git: https://github.com/Quick/Quick.git

SPEC CHECKSUMS:
  Nimble: 4475e230ee4219b6c1e39044086c71249c6a039e
  OCMock: 2cd0716969bab32a2283ff3a46fd26a8c8b4c5e3
  Quick: 37db81a2d4473d9f369136032768c341a2e0c03c

PODFILE CHECKSUM: 4b773f49e6c91372c6657d7354c7a5ddfd88f00e

COCOAPODS: 1.5.3

COCOAPODS DEPLOY: 0.0.11
